{
  "originHash" : "284dbf4e94c517ac1182c3ea60818a27e95aa63530a455b313fdc2d917756878",
  "pins" : [
    {
      "identity" : "hdatepicker",
      "kind" : "remoteSourceControl",
      "location" : "https://github.com/alexphanna/HDatePicker",
      "state" : {
        "branch" : "main",
        "revision" : "9d3d123888fcba870b5b28037cae2442d035ab8f"
      }
    },
    {
      "identity" : "swift-collections",
      "kind" : "remoteSourceControl",
      "location" : "https://github.com/apple/swift-collections.git",
      "state" : {
        "revision" : "671108c96644956dddcd89dd59c203dcdb36cec7",
        "version" : "1.1.4"
      }
    },
    {
      "identity" : "swiftsoup",
      "kind" : "remoteSourceControl",
      "location" : "https://github.com/scinfu/SwiftSoup.git",
      "state" : {
        "revision" : "0837db354faf9c9deb710dc597046edaadf5360f",
        "version" : "2.7.6"
      }
    }
  ],
  "version" : 3
}
