// !$*UTF8*$!
{
	archiveVersion = 1;
	classes = {
	};
	objectVersion = 70;
	objects = {

/* Begin PBXBuildFile section */
		FA5C59C42C8FE37300088E4C /* Constants.swift in Sources */ = {isa = PBXBuildFile; fileRef = FA5C59C32C8FE37300088E4C /* Constants.swift */; };
		FA79D0D42C8CAEE200F60AC4 /* OrderedCollections in Frameworks */ = {isa = PBXBuildFile; productRef = FA79D0D32C8CAEE200F60AC4 /* OrderedCollections */; };
		FA79D0D62C8CB9EF00F60AC4 /* SettingsView.swift in Sources */ = {isa = PBXBuildFile; fileRef = FA79D0D52C8CB9EF00F60AC4 /* SettingsView.swift */; };
		FA79D0DA2C8CCD7C00F60AC4 /* RestrictionsView.swift in Sources */ = {isa = PBXBuildFile; fileRef = FA79D0D92C8CCD7C00F60AC4 /* RestrictionsView.swift */; };
		FA7E45172C8E69A800D95D96 /* MenuView.swift in Sources */ = {isa = PBXBuildFile; fileRef = FA7E45162C8E69A800D95D96 /* MenuView.swift */; };
		FA8647612C8E1A95000037C6 /* MealView.swift in Sources */ = {isa = PBXBuildFile; fileRef = FA8647602C8E1A95000037C6 /* MealView.swift */; };
		FA8647632C8E21CA000037C6 /* NutritionView.swift in Sources */ = {isa = PBXBuildFile; fileRef = FA8647622C8E21CA000037C6 /* NutritionView.swift */; };
		FA8A328E2C8B585D00D30147 /* RU-EatingApp.swift in Sources */ = {isa = PBXBuildFile; fileRef = FA8A328D2C8B585D00D30147 /* RU-EatingApp.swift */; };
		FA8A32902C8B585D00D30147 /* ContentView.swift in Sources */ = {isa = PBXBuildFile; fileRef = FA8A328F2C8B585D00D30147 /* ContentView.swift */; };
		FA8A32922C8B585F00D30147 /* Assets.xcassets in Resources */ = {isa = PBXBuildFile; fileRef = FA8A32912C8B585F00D30147 /* Assets.xcassets */; };
		FA8A32952C8B585F00D30147 /* Preview Assets.xcassets in Resources */ = {isa = PBXBuildFile; fileRef = FA8A32942C8B585F00D30147 /* Preview Assets.xcassets */; };
		FA8A329F2C8B5ECA00D30147 /* SwiftSoup in Frameworks */ = {isa = PBXBuildFile; productRef = FA8A329E2C8B5ECA00D30147 /* SwiftSoup */; };
		FA8A32A12C8B84F900D30147 /* MenusView.swift in Sources */ = {isa = PBXBuildFile; fileRef = FA8A32A02C8B84F900D30147 /* MenusView.swift */; };
		FA8A32A32C8B8A7A00D30147 /* AddItemView.swift in Sources */ = {isa = PBXBuildFile; fileRef = FA8A32A22C8B8A7A00D30147 /* AddItemView.swift */; };
		FA8A32A72C8B990F00D30147 /* ItemView.swift in Sources */ = {isa = PBXBuildFile; fileRef = FA8A32A62C8B990F00D30147 /* ItemView.swift */; };
		FA9453F52C8BF75C00059258 /* Utils.swift in Sources */ = {isa = PBXBuildFile; fileRef = FA9453F42C8BF75C00059258 /* Utils.swift */; };
		FA9453F72C8C121B00059258 /* CategoryView.swift in Sources */ = {isa = PBXBuildFile; fileRef = FA9453F62C8C121B00059258 /* CategoryView.swift */; };
/* End PBXBuildFile section */

/* Begin PBXFileReference section */
		FA5C59C32C8FE37300088E4C /* Constants.swift */ = {isa = PBXFileReference; lastKnownFileType = sourcecode.swift; path = Constants.swift; sourceTree = "<group>"; };
		FA79D0D52C8CB9EF00F60AC4 /* SettingsView.swift */ = {isa = PBXFileReference; lastKnownFileType = sourcecode.swift; path = SettingsView.swift; sourceTree = "<group>"; };
		FA79D0D92C8CCD7C00F60AC4 /* RestrictionsView.swift */ = {isa = PBXFileReference; lastKnownFileType = sourcecode.swift; path = RestrictionsView.swift; sourceTree = "<group>"; };
		FA7E45162C8E69A800D95D96 /* MenuView.swift */ = {isa = PBXFileReference; lastKnownFileType = sourcecode.swift; path = MenuView.swift; sourceTree = "<group>"; };
		FA8647602C8E1A95000037C6 /* MealView.swift */ = {isa = PBXFileReference; lastKnownFileType = sourcecode.swift; path = MealView.swift; sourceTree = "<group>"; };
		FA8647622C8E21CA000037C6 /* NutritionView.swift */ = {isa = PBXFileReference; lastKnownFileType = sourcecode.swift; path = NutritionView.swift; sourceTree = "<group>"; };
		FA8A328A2C8B585D00D30147 /* RU Eating.app */ = {isa = PBXFileReference; explicitFileType = wrapper.application; includeInIndex = 0; path = "RU Eating.app"; sourceTree = BUILT_PRODUCTS_DIR; };
		FA8A328D2C8B585D00D30147 /* RU-EatingApp.swift */ = {isa = PBXFileReference; lastKnownFileType = sourcecode.swift; path = "RU-EatingApp.swift"; sourceTree = "<group>"; };
		FA8A328F2C8B585D00D30147 /* ContentView.swift */ = {isa = PBXFileReference; lastKnownFileType = sourcecode.swift; path = ContentView.swift; sourceTree = "<group>"; };
		FA8A32912C8B585F00D30147 /* Assets.xcassets */ = {isa = PBXFileReference; lastKnownFileType = folder.assetcatalog; path = Assets.xcassets; sourceTree = "<group>"; };
		FA8A32942C8B585F00D30147 /* Preview Assets.xcassets */ = {isa = PBXFileReference; lastKnownFileType = folder.assetcatalog; path = "Preview Assets.xcassets"; sourceTree = "<group>"; };
		FA8A32A02C8B84F900D30147 /* MenusView.swift */ = {isa = PBXFileReference; lastKnownFileType = sourcecode.swift; path = MenusView.swift; sourceTree = "<group>"; };
		FA8A32A22C8B8A7A00D30147 /* AddItemView.swift */ = {isa = PBXFileReference; lastKnownFileType = sourcecode.swift; path = AddItemView.swift; sourceTree = "<group>"; };
		FA8A32A62C8B990F00D30147 /* ItemView.swift */ = {isa = PBXFileReference; lastKnownFileType = sourcecode.swift; path = ItemView.swift; sourceTree = "<group>"; };
		FA9453F42C8BF75C00059258 /* Utils.swift */ = {isa = PBXFileReference; lastKnownFileType = sourcecode.swift; path = Utils.swift; sourceTree = "<group>"; };
		FA9453F62C8C121B00059258 /* CategoryView.swift */ = {isa = PBXFileReference; lastKnownFileType = sourcecode.swift; path = CategoryView.swift; sourceTree = "<group>"; };
/* End PBXFileReference section */

/* Begin PBXFileSystemSynchronizedRootGroup section */
		FA7DBC152CA37802002C4CD3 /* Models */ = {isa = PBXFileSystemSynchronizedRootGroup; explicitFileTypes = {}; explicitFolders = (); path = Models; sourceTree = "<group>"; };
		FA7DBC162CA37808002C4CD3 /* ViewModels */ = {isa = PBXFileSystemSynchronizedRootGroup; explicitFileTypes = {}; explicitFolders = (); path = ViewModels; sourceTree = "<group>"; };
/* End PBXFileSystemSynchronizedRootGroup section */

/* Begin PBXFrameworksBuildPhase section */
		FA8A32872C8B585D00D30147 /* Frameworks */ = {
			isa = PBXFrameworksBuildPhase;
			buildActionMask = 2147483647;
			files = (
				FA79D0D42C8CAEE200F60AC4 /* OrderedCollections in Frameworks */,
				FA8A329F2C8B5ECA00D30147 /* SwiftSoup in Frameworks */,
			);
			runOnlyForDeploymentPostprocessing = 0;
		};
/* End PBXFrameworksBuildPhase section */

/* Begin PBXGroup section */
		FA79D0DB2C8CCD8C00F60AC4 /* Views */ = {
			isa = PBXGroup;
			children = (
				FA8A328F2C8B585D00D30147 /* ContentView.swift */,
				FA8A32A02C8B84F900D30147 /* MenusView.swift */,
				FA7E45162C8E69A800D95D96 /* MenuView.swift */,
				FA9453F62C8C121B00059258 /* CategoryView.swift */,
				FA8A32A62C8B990F00D30147 /* ItemView.swift */,
				FA79D0D52C8CB9EF00F60AC4 /* SettingsView.swift */,
				FA79D0D92C8CCD7C00F60AC4 /* RestrictionsView.swift */,
				FA8647602C8E1A95000037C6 /* MealView.swift */,
				FA8A32A22C8B8A7A00D30147 /* AddItemView.swift */,
				FA8647622C8E21CA000037C6 /* NutritionView.swift */,
			);
			path = Views;
			sourceTree = "<group>";
		};
		FA8A32812C8B585D00D30147 = {
			isa = PBXGroup;
			children = (
				FA8A328C2C8B585D00D30147 /* RU-Eating */,
				FA8A328B2C8B585D00D30147 /* Products */,
			);
			sourceTree = "<group>";
		};
		FA8A328B2C8B585D00D30147 /* Products */ = {
			isa = PBXGroup;
			children = (
				FA8A328A2C8B585D00D30147 /* RU Eating.app */,
			);
			name = Products;
			sourceTree = "<group>";
		};
		FA8A328C2C8B585D00D30147 /* RU-Eating */ = {
			isa = PBXGroup;
			children = (
				FA7DBC162CA37808002C4CD3 /* ViewModels */,
				FA7DBC152CA37802002C4CD3 /* Models */,
				FA79D0DB2C8CCD8C00F60AC4 /* Views */,
				FA8A328D2C8B585D00D30147 /* RU-EatingApp.swift */,
				FA8A32912C8B585F00D30147 /* Assets.xcassets */,
				FA8A32932C8B585F00D30147 /* Preview Content */,
				FA9453F42C8BF75C00059258 /* Utils.swift */,
				FA5C59C32C8FE37300088E4C /* Constants.swift */,
			);
			path = "RU-Eating";
			sourceTree = "<group>";
		};
		FA8A32932C8B585F00D30147 /* Preview Content */ = {
			isa = PBXGroup;
			children = (
				FA8A32942C8B585F00D30147 /* Preview Assets.xcassets */,
			);
			path = "Preview Content";
			sourceTree = "<group>";
		};
/* End PBXGroup section */

/* Begin PBXNativeTarget section */
		FA8A32892C8B585D00D30147 /* RU Eating */ = {
			isa = PBXNativeTarget;
			buildConfigurationList = FA8A32982C8B585F00D30147 /* Build configuration list for PBXNativeTarget "RU Eating" */;
			buildPhases = (
				FA8A32862C8B585D00D30147 /* Sources */,
				FA8A32872C8B585D00D30147 /* Frameworks */,
				FA8A32882C8B585D00D30147 /* Resources */,
			);
			buildRules = (
			);
			dependencies = (
			);
			fileSystemSynchronizedGroups = (
				FA7DBC152CA37802002C4CD3 /* Models */,
				FA7DBC162CA37808002C4CD3 /* ViewModels */,
			);
			name = "RU Eating";
			packageProductDependencies = (
				FA8A329E2C8B5ECA00D30147 /* SwiftSoup */,
				FA79D0D32C8CAEE200F60AC4 /* OrderedCollections */,
			);
			productName = MenRU;
			productReference = FA8A328A2C8B585D00D30147 /* RU Eating.app */;
			productType = "com.apple.product-type.application";
		};
/* End PBXNativeTarget section */

/* Begin PBXProject section */
		FA8A32822C8B585D00D30147 /* Project object */ = {
			isa = PBXProject;
			attributes = {
				BuildIndependentTargetsInParallel = 1;
				LastSwiftUpdateCheck = 1540;
				LastUpgradeCheck = 1540;
				TargetAttributes = {
					FA8A32892C8B585D00D30147 = {
						CreatedOnToolsVersion = 15.4;
					};
				};
			};
			buildConfigurationList = FA8A32852C8B585D00D30147 /* Build configuration list for PBXProject "RU-Eating" */;
			compatibilityVersion = "Xcode 14.0";
			developmentRegion = en;
			hasScannedForEncodings = 0;
			knownRegions = (
				en,
				Base,
			);
			mainGroup = FA8A32812C8B585D00D30147;
			packageReferences = (
				FA8A329D2C8B5ECA00D30147 /* XCRemoteSwiftPackageReference "SwiftSoup" */,
				FA79D0D22C8CAEE200F60AC4 /* XCRemoteSwiftPackageReference "swift-collections" */,
			);
			productRefGroup = FA8A328B2C8B585D00D30147 /* Products */;
			projectDirPath = "";
			projectRoot = "";
			targets = (
				FA8A32892C8B585D00D30147 /* RU Eating */,
			);
		};
/* End PBXProject section */

/* Begin PBXResourcesBuildPhase section */
		FA8A32882C8B585D00D30147 /* Resources */ = {
			isa = PBXResourcesBuildPhase;
			buildActionMask = 2147483647;
			files = (
				FA8A32952C8B585F00D30147 /* Preview Assets.xcassets in Resources */,
				FA8A32922C8B585F00D30147 /* Assets.xcassets in Resources */,
			);
			runOnlyForDeploymentPostprocessing = 0;
		};
/* End PBXResourcesBuildPhase section */

/* Begin PBXSourcesBuildPhase section */
		FA8A32862C8B585D00D30147 /* Sources */ = {
			isa = PBXSourcesBuildPhase;
			buildActionMask = 2147483647;
			files = (
				FA5C59C42C8FE37300088E4C /* Constants.swift in Sources */,
				FA8A32A72C8B990F00D30147 /* ItemView.swift in Sources */,
				FA8A32A12C8B84F900D30147 /* MenusView.swift in Sources */,
				FA9453F52C8BF75C00059258 /* Utils.swift in Sources */,
				FA8647632C8E21CA000037C6 /* NutritionView.swift in Sources */,
				FA8A32902C8B585D00D30147 /* ContentView.swift in Sources */,
				FA7E45172C8E69A800D95D96 /* MenuView.swift in Sources */,
				FA79D0D62C8CB9EF00F60AC4 /* SettingsView.swift in Sources */,
				FA79D0DA2C8CCD7C00F60AC4 /* RestrictionsView.swift in Sources */,
				FA9453F72C8C121B00059258 /* CategoryView.swift in Sources */,
				FA8A328E2C8B585D00D30147 /* RU-EatingApp.swift in Sources */,
				FA8A32A32C8B8A7A00D30147 /* AddItemView.swift in Sources */,
				FA8647612C8E1A95000037C6 /* MealView.swift in Sources */,
			);
			runOnlyForDeploymentPostprocessing = 0;
		};
/* End PBXSourcesBuildPhase section */

/* Begin XCBuildConfiguration section */
		FA8A32962C8B585F00D30147 /* Debug */ = {
			isa = XCBuildConfiguration;
			buildSettings = {
				ALWAYS_SEARCH_USER_PATHS = NO;
				ASSETCATALOG_COMPILER_GENERATE_SWIFT_ASSET_SYMBOL_EXTENSIONS = YES;
				CLANG_ANALYZER_NONNULL = YES;
				CLANG_ANALYZER_NUMBER_OBJECT_CONVERSION = YES_AGGRESSIVE;
				CLANG_CXX_LANGUAGE_STANDARD = "gnu++20";
				CLANG_ENABLE_MODULES = YES;
				CLANG_ENABLE_OBJC_ARC = YES;
				CLANG_ENABLE_OBJC_WEAK = YES;
				CLANG_WARN_BLOCK_CAPTURE_AUTORELEASING = YES;
				CLANG_WARN_BOOL_CONVERSION = YES;
				CLANG_WARN_COMMA = YES;
				CLANG_WARN_CONSTANT_CONVERSION = YES;
				CLANG_WARN_DEPRECATED_OBJC_IMPLEMENTATIONS = YES;
				CLANG_WARN_DIRECT_OBJC_ISA_USAGE = YES_ERROR;
				CLANG_WARN_DOCUMENTATION_COMMENTS = YES;
				CLANG_WARN_EMPTY_BODY = YES;
				CLANG_WARN_ENUM_CONVERSION = YES;
				CLANG_WARN_INFINITE_RECURSION = YES;
				CLANG_WARN_INT_CONVERSION = YES;
				CLANG_WARN_NON_LITERAL_NULL_CONVERSION = YES;
				CLANG_WARN_OBJC_IMPLICIT_RETAIN_SELF = YES;
				CLANG_WARN_OBJC_LITERAL_CONVERSION = YES;
				CLANG_WARN_OBJC_ROOT_CLASS = YES_ERROR;
				CLANG_WARN_QUOTED_INCLUDE_IN_FRAMEWORK_HEADER = YES;
				CLANG_WARN_RANGE_LOOP_ANALYSIS = YES;
				CLANG_WARN_STRICT_PROTOTYPES = YES;
				CLANG_WARN_SUSPICIOUS_MOVE = YES;
				CLANG_WARN_UNGUARDED_AVAILABILITY = YES_AGGRESSIVE;
				CLANG_WARN_UNREACHABLE_CODE = YES;
				CLANG_WARN__DUPLICATE_METHOD_MATCH = YES;
				COPY_PHASE_STRIP = NO;
				DEBUG_INFORMATION_FORMAT = dwarf;
				ENABLE_STRICT_OBJC_MSGSEND = YES;
				ENABLE_TESTABILITY = YES;
				ENABLE_USER_SCRIPT_SANDBOXING = YES;
				GCC_C_LANGUAGE_STANDARD = gnu17;
				GCC_DYNAMIC_NO_PIC = NO;
				GCC_NO_COMMON_BLOCKS = YES;
				GCC_OPTIMIZATION_LEVEL = 0;
				GCC_PREPROCESSOR_DEFINITIONS = (
					"DEBUG=1",
					"$(inherited)",
				);
				GCC_WARN_64_TO_32_BIT_CONVERSION = YES;
				GCC_WARN_ABOUT_RETURN_TYPE = YES_ERROR;
				GCC_WARN_UNDECLARED_SELECTOR = YES;
				GCC_WARN_UNINITIALIZED_AUTOS = YES_AGGRESSIVE;
				GCC_WARN_UNUSED_FUNCTION = YES;
				GCC_WARN_UNUSED_VARIABLE = YES;
				IPHONEOS_DEPLOYMENT_TARGET = 17.5;
				LOCALIZATION_PREFERS_STRING_CATALOGS = YES;
				MTL_ENABLE_DEBUG_INFO = INCLUDE_SOURCE;
				MTL_FAST_MATH = YES;
				ONLY_ACTIVE_ARCH = YES;
				SDKROOT = iphoneos;
				SWIFT_ACTIVE_COMPILATION_CONDITIONS = "DEBUG $(inherited)";
				SWIFT_OPTIMIZATION_LEVEL = "-Onone";
			};
			name = Debug;
		};
		FA8A32972C8B585F00D30147 /* Release */ = {
			isa = XCBuildConfiguration;
			buildSettings = {
				ALWAYS_SEARCH_USER_PATHS = NO;
				ASSETCATALOG_COMPILER_GENERATE_SWIFT_ASSET_SYMBOL_EXTENSIONS = YES;
				CLANG_ANALYZER_NONNULL = YES;
				CLANG_ANALYZER_NUMBER_OBJECT_CONVERSION = YES_AGGRESSIVE;
				CLANG_CXX_LANGUAGE_STANDARD = "gnu++20";
				CLANG_ENABLE_MODULES = YES;
				CLANG_ENABLE_OBJC_ARC = YES;
				CLANG_ENABLE_OBJC_WEAK = YES;
				CLANG_WARN_BLOCK_CAPTURE_AUTORELEASING = YES;
				CLANG_WARN_BOOL_CONVERSION = YES;
				CLANG_WARN_COMMA = YES;
				CLANG_WARN_CONSTANT_CONVERSION = YES;
				CLANG_WARN_DEPRECATED_OBJC_IMPLEMENTATIONS = YES;
				CLANG_WARN_DIRECT_OBJC_ISA_USAGE = YES_ERROR;
				CLANG_WARN_DOCUMENTATION_COMMENTS = YES;
				CLANG_WARN_EMPTY_BODY = YES;
				CLANG_WARN_ENUM_CONVERSION = YES;
				CLANG_WARN_INFINITE_RECURSION = YES;
				CLANG_WARN_INT_CONVERSION = YES;
				CLANG_WARN_NON_LITERAL_NULL_CONVERSION = YES;
				CLANG_WARN_OBJC_IMPLICIT_RETAIN_SELF = YES;
				CLANG_WARN_OBJC_LITERAL_CONVERSION = YES;
				CLANG_WARN_OBJC_ROOT_CLASS = YES_ERROR;
				CLANG_WARN_QUOTED_INCLUDE_IN_FRAMEWORK_HEADER = YES;
				CLANG_WARN_RANGE_LOOP_ANALYSIS = YES;
				CLANG_WARN_STRICT_PROTOTYPES = YES;
				CLANG_WARN_SUSPICIOUS_MOVE = YES;
				CLANG_WARN_UNGUARDED_AVAILABILITY = YES_AGGRESSIVE;
				CLANG_WARN_UNREACHABLE_CODE = YES;
				CLANG_WARN__DUPLICATE_METHOD_MATCH = YES;
				COPY_PHASE_STRIP = NO;
				DEBUG_INFORMATION_FORMAT = "dwarf-with-dsym";
				ENABLE_NS_ASSERTIONS = NO;
				ENABLE_STRICT_OBJC_MSGSEND = YES;
				ENABLE_USER_SCRIPT_SANDBOXING = YES;
				GCC_C_LANGUAGE_STANDARD = gnu17;
				GCC_NO_COMMON_BLOCKS = YES;
				GCC_WARN_64_TO_32_BIT_CONVERSION = YES;
				GCC_WARN_ABOUT_RETURN_TYPE = YES_ERROR;
				GCC_WARN_UNDECLARED_SELECTOR = YES;
				GCC_WARN_UNINITIALIZED_AUTOS = YES_AGGRESSIVE;
				GCC_WARN_UNUSED_FUNCTION = YES;
				GCC_WARN_UNUSED_VARIABLE = YES;
				IPHONEOS_DEPLOYMENT_TARGET = 17.5;
				LOCALIZATION_PREFERS_STRING_CATALOGS = YES;
				MTL_ENABLE_DEBUG_INFO = NO;
				MTL_FAST_MATH = YES;
				SDKROOT = iphoneos;
				SWIFT_COMPILATION_MODE = wholemodule;
				VALIDATE_PRODUCT = YES;
			};
			name = Release;
		};
		FA8A32992C8B585F00D30147 /* Debug */ = {
			isa = XCBuildConfiguration;
			buildSettings = {
				ASSETCATALOG_COMPILER_APPICON_NAME = AppIcon;
				ASSETCATALOG_COMPILER_GLOBAL_ACCENT_COLOR_NAME = AccentColor;
				CODE_SIGN_STYLE = Automatic;
				CURRENT_PROJECT_VERSION = 1;
				DEVELOPMENT_ASSET_PATHS = "\"RU-Eating/Preview Content\"";
				DEVELOPMENT_TEAM = C6VBMG2Y53;
				ENABLE_PREVIEWS = YES;
				GENERATE_INFOPLIST_FILE = YES;
				INFOPLIST_KEY_CFBundleDisplayName = "RU Eating";
				INFOPLIST_KEY_LSApplicationCategoryType = "public.app-category.food-and-drink";
				INFOPLIST_KEY_UIApplicationSceneManifest_Generation = YES;
				INFOPLIST_KEY_UIApplicationSupportsIndirectInputEvents = YES;
				INFOPLIST_KEY_UILaunchScreen_Generation = YES;
				INFOPLIST_KEY_UISupportedInterfaceOrientations_iPad = "UIInterfaceOrientationPortrait UIInterfaceOrientationPortraitUpsideDown UIInterfaceOrientationLandscapeLeft UIInterfaceOrientationLandscapeRight";
				INFOPLIST_KEY_UISupportedInterfaceOrientations_iPhone = "UIInterfaceOrientationPortrait UIInterfaceOrientationLandscapeLeft UIInterfaceOrientationLandscapeRight";
				IPHONEOS_DEPLOYMENT_TARGET = 17.0;
				LD_RUNPATH_SEARCH_PATHS = (
					"$(inherited)",
					"@executable_path/Frameworks",
				);
				MARKETING_VERSION = 1.0.2;
				PRODUCT_BUNDLE_IDENTIFIER = "alexphanna.RU-Eating";
				PRODUCT_NAME = "$(TARGET_NAME)";
				SWIFT_EMIT_LOC_STRINGS = YES;
				SWIFT_VERSION = 5.0;
				TARGETED_DEVICE_FAMILY = "1,2";
			};
			name = Debug;
		};
		FA8A329A2C8B585F00D30147 /* Release */ = {
			isa = XCBuildConfiguration;
			buildSettings = {
				ASSETCATALOG_COMPILER_APPICON_NAME = AppIcon;
				ASSETCATALOG_COMPILER_GLOBAL_ACCENT_COLOR_NAME = AccentColor;
				CODE_SIGN_STYLE = Automatic;
				CURRENT_PROJECT_VERSION = 1;
				DEVELOPMENT_ASSET_PATHS = "\"RU-Eating/Preview Content\"";
				DEVELOPMENT_TEAM = C6VBMG2Y53;
				ENABLE_PREVIEWS = YES;
				GENERATE_INFOPLIST_FILE = YES;
				INFOPLIST_KEY_CFBundleDisplayName = "RU Eating";
				INFOPLIST_KEY_LSApplicationCategoryType = "public.app-category.food-and-drink";
				INFOPLIST_KEY_UIApplicationSceneManifest_Generation = YES;
				INFOPLIST_KEY_UIApplicationSupportsIndirectInputEvents = YES;
				INFOPLIST_KEY_UILaunchScreen_Generation = YES;
				INFOPLIST_KEY_UISupportedInterfaceOrientations_iPad = "UIInterfaceOrientationPortrait UIInterfaceOrientationPortraitUpsideDown UIInterfaceOrientationLandscapeLeft UIInterfaceOrientationLandscapeRight";
				INFOPLIST_KEY_UISupportedInterfaceOrientations_iPhone = "UIInterfaceOrientationPortrait UIInterfaceOrientationLandscapeLeft UIInterfaceOrientationLandscapeRight";
				IPHONEOS_DEPLOYMENT_TARGET = 17.0;
				LD_RUNPATH_SEARCH_PATHS = (
					"$(inherited)",
					"@executable_path/Frameworks",
				);
				MARKETING_VERSION = 1.0.2;
				PRODUCT_BUNDLE_IDENTIFIER = "alexphanna.RU-Eating";
				PRODUCT_NAME = "$(TARGET_NAME)";
				SWIFT_EMIT_LOC_STRINGS = YES;
				SWIFT_VERSION = 5.0;
				TARGETED_DEVICE_FAMILY = "1,2";
			};
			name = Release;
		};
/* End XCBuildConfiguration section */

/* Begin XCConfigurationList section */
		FA8A32852C8B585D00D30147 /* Build configuration list for PBXProject "RU-Eating" */ = {
			isa = XCConfigurationList;
			buildConfigurations = (
				FA8A32962C8B585F00D30147 /* Debug */,
				FA8A32972C8B585F00D30147 /* Release */,
			);
			defaultConfigurationIsVisible = 0;
			defaultConfigurationName = Release;
		};
		FA8A32982C8B585F00D30147 /* Build configuration list for PBXNativeTarget "RU Eating" */ = {
			isa = XCConfigurationList;
			buildConfigurations = (
				FA8A32992C8B585F00D30147 /* Debug */,
				FA8A329A2C8B585F00D30147 /* Release */,
			);
			defaultConfigurationIsVisible = 0;
			defaultConfigurationName = Release;
		};
/* End XCConfigurationList section */

/* Begin XCRemoteSwiftPackageReference section */
		FA79D0D22C8CAEE200F60AC4 /* XCRemoteSwiftPackageReference "swift-collections" */ = {
			isa = XCRemoteSwiftPackageReference;
			repositoryURL = "https://github.com/apple/swift-collections.git";
			requirement = {
				kind = upToNextMajorVersion;
				minimumVersion = 1.1.3;
			};
		};
		FA8A329D2C8B5ECA00D30147 /* XCRemoteSwiftPackageReference "SwiftSoup" */ = {
			isa = XCRemoteSwiftPackageReference;
			repositoryURL = "https://github.com/scinfu/SwiftSoup.git";
			requirement = {
				kind = upToNextMajorVersion;
				minimumVersion = 2.7.5;
			};
		};
/* End XCRemoteSwiftPackageReference section */

/* Begin XCSwiftPackageProductDependency section */
		FA79D0D32C8CAEE200F60AC4 /* OrderedCollections */ = {
			isa = XCSwiftPackageProductDependency;
			package = FA79D0D22C8CAEE200F60AC4 /* XCRemoteSwiftPackageReference "swift-collections" */;
			productName = OrderedCollections;
		};
		FA8A329E2C8B5ECA00D30147 /* SwiftSoup */ = {
			isa = XCSwiftPackageProductDependency;
			package = FA8A329D2C8B5ECA00D30147 /* XCRemoteSwiftPackageReference "SwiftSoup" */;
			productName = SwiftSoup;
		};
/* End XCSwiftPackageProductDependency section */
	};
	rootObject = FA8A32822C8B585D00D30147 /* Project object */;
}
